
Microsoft Visual Studio Solution File, Format Version 12.00
# Visual Studio Version 17
VisualStudioVersion = 17.4.33205.214
MinimumVisualStudioVersion = 10.0.40219.1
Project("{FAE04EC0-301F-11D3-BF4B-00C04F79EFBC}") = "ProyectoUniversitario", "ProyectoUniversitario\ProyectoUniversitario.csproj", "{21B5C6D3-0E5C-4F6C-9C00-0B7D52D00CDB}"
EndProject
Global
	GlobalSection(SolutionConfigurationPlatforms) = preSolution
		Debug|Any CPU = Debug|Any CPU
		Release|Any CPU = Release|Any CPU
	EndGlobalSection
	GlobalSection(ProjectConfigurationPlatforms) = postSolution
		{21B5C6D3-0E5C-4F6C-9C00-0B7D52D00CDB}.Debug|Any CPU.ActiveCfg = Debug|Any CPU
		{21B5C6D3-0E5C-4F6C-9C00-0B7D52D00CDB}.Debug|Any CPU.Build.0 = Debug|Any CPU
		{21B5C6D3-0E5C-4F6C-9C00-0B7D52D00CDB}.Release|Any CPU.ActiveCfg = Release|Any CPU
		{21B5C6D3-0E5C-4F6C-9C00-0B7D52D00CDB}.Release|Any CPU.Build.0 = Release|Any CPU
	EndGlobalSection
	GlobalSection(SolutionProperties) = preSolution
		HideSolutionNode = FALSE
	EndGlobalSection
	GlobalSection(ExtensibilityGlobals) = postSolution
		SolutionGuid = {9DE358E5-5674-49CF-9CE3-A686C6A29CDE}
	EndGlobalSection
EndGlobal
